
Microsoft Visual Studio Solution File, Format Version 12.00
# Visual Studio Version 17
VisualStudioVersion = 17.3.32922.545
MinimumVisualStudioVersion = 10.0.40219.1
Project("{FAE04EC0-301F-11D3-BF4B-00C04F79EFBC}") = "QuanLyNhaTro", "QuanLyNhaTro\QuanLyNhaTro.csproj", "{D4CB6FAE-C946-40AC-9308-B868D431C354}"
EndProject
Global
	GlobalSection(SolutionConfigurationPlatforms) = preSolution
		Debug|Any CPU = Debug|Any CPU
		Release|Any CPU = Release|Any CPU
	EndGlobalSection
	GlobalSection(ProjectConfigurationPlatforms) = postSolution
		{D4CB6FAE-C946-40AC-9308-B868D431C354}.Debug|Any CPU.ActiveCfg = Debug|Any CPU
		{D4CB6FAE-C946-40AC-9308-B868D431C354}.Debug|Any CPU.Build.0 = Debug|Any CPU
		{D4CB6FAE-C946-40AC-9308-B868D431C354}.Release|Any CPU.ActiveCfg = Release|Any CPU
		{D4CB6FAE-C946-40AC-9308-B868D431C354}.Release|Any CPU.Build.0 = Release|Any CPU
	EndGlobalSection
	GlobalSection(SolutionProperties) = preSolution
		HideSolutionNode = FALSE
	EndGlobalSection
	GlobalSection(ExtensibilityGlobals) = postSolution
		SolutionGuid = {99CB8FE9-4375-4DBC-B402-07CA44CE04BF}
	EndGlobalSection
EndGlobal
